// !$*UTF8*$!
{
	archiveVersion = 1;
	classes = {
	};
	objectVersion = 77;
	objects = {

/* Begin PBXBuildFile section */
		C02F50372E654FC9002B52D7 /* Stack.swift in Sources */ = {isa = PBXBuildFile; fileRef = C02F50362E654FC9002B52D7 /* Stack.swift */; };
		C02F503A2E6942CC002B52D7 /* Node.swift in Sources */ = {isa = PBXBuildFile; fileRef = C02F50392E6942CC002B52D7 /* Node.swift */; };
		C02F503C2E6942E8002B52D7 /* BinarySearchTree.swift in Sources */ = {isa = PBXBuildFile; fileRef = C02F503B2E6942E8002B52D7 /* BinarySearchTree.swift */; };
		C02F503E2E6A7B29002B52D7 /* TestClass.swift in Sources */ = {isa = PBXBuildFile; fileRef = C02F503D2E6A7B29002B52D7 /* TestClass.swift */; };
		C02F50402E6A7C55002B52D7 /* BinaryTree.swift in Sources */ = {isa = PBXBuildFile; fileRef = C02F503F2E6A7C55002B52D7 /* BinaryTree.swift */; };
		C02F50432E6A820A002B52D7 /* Tree-Leetcode.swift in Sources */ = {isa = PBXBuildFile; fileRef = C02F50422E6A820A002B52D7 /* Tree-Leetcode.swift */; };
		C02F507D2E6FC39D002B52D7 /* AVLTree.swift in Sources */ = {isa = PBXBuildFile; fileRef = C02F507C2E6FC39D002B52D7 /* AVLTree.swift */; };
		C02F507F2E71171D002B52D7 /* RBTree.swift in Sources */ = {isa = PBXBuildFile; fileRef = C02F507E2E71171D002B52D7 /* RBTree.swift */; };
		C02F50812E711C76002B52D7 /* B-Tree.swift in Sources */ = {isa = PBXBuildFile; fileRef = C02F50802E711C76002B52D7 /* B-Tree.swift */; };
		C02F50832E726213002B52D7 /* BalanceBST.swift in Sources */ = {isa = PBXBuildFile; fileRef = C02F50822E726213002B52D7 /* BalanceBST.swift */; };
		C02F50AA2E8277A1002B52D7 /* HashMap.swift in Sources */ = {isa = PBXBuildFile; fileRef = C02F50A92E8277A1002B52D7 /* HashMap.swift */; };
		C02F50AC2E83C866002B52D7 /* TreeMap.swift in Sources */ = {isa = PBXBuildFile; fileRef = C02F50AB2E83C866002B52D7 /* TreeMap.swift */; };
		C02F50AE2E83C879002B52D7 /* LinkedHashMap.swift in Sources */ = {isa = PBXBuildFile; fileRef = C02F50AD2E83C879002B52D7 /* LinkedHashMap.swift */; };
		C07B035D2EB44CE400E60D4C /* CountingSort.swift in Sources */ = {isa = PBXBuildFile; fileRef = C07B035C2EB44CE400E60D4C /* CountingSort.swift */; };
		C07B035F2EB44CF500E60D4C /* BucketSort.swift in Sources */ = {isa = PBXBuildFile; fileRef = C07B035E2EB44CF500E60D4C /* BucketSort.swift */; };
		C07B03612EB44D2C00E60D4C /* RadixSort.swift in Sources */ = {isa = PBXBuildFile; fileRef = C07B03602EB44D2C00E60D4C /* RadixSort.swift */; };
		C07B03642EB454A400E60D4C /* UnionFind.swift in Sources */ = {isa = PBXBuildFile; fileRef = C07B03632EB454A400E60D4C /* UnionFind.swift */; };
		C07B03662EB454AE00E60D4C /* UnionFind_QF.swift in Sources */ = {isa = PBXBuildFile; fileRef = C07B03652EB454AE00E60D4C /* UnionFind_QF.swift */; };
		C07B03682EB454BA00E60D4C /* UnionFind_QU.swift in Sources */ = {isa = PBXBuildFile; fileRef = C07B03672EB454BA00E60D4C /* UnionFind_QU.swift */; };
		C07B036C2EB995E000E60D4C /* UnionFind_QU_S.swift in Sources */ = {isa = PBXBuildFile; fileRef = C07B036B2EB995E000E60D4C /* UnionFind_QU_S.swift */; };
		C07B036E2EB995F900E60D4C /* UnionFind_QU_R.swift in Sources */ = {isa = PBXBuildFile; fileRef = C07B036D2EB995F900E60D4C /* UnionFind_QU_R.swift */; };
		C07B03702EB9961000E60D4C /* UnionFind_QU_R_PS.swift in Sources */ = {isa = PBXBuildFile; fileRef = C07B036F2EB9961000E60D4C /* UnionFind_QU_R_PS.swift */; };
		C07B03722EB9961F00E60D4C /* UnionFind_QU_R_PH.swift in Sources */ = {isa = PBXBuildFile; fileRef = C07B03712EB9961F00E60D4C /* UnionFind_QU_R_PH.swift */; };
		C07B03742EB9963D00E60D4C /* UnionFind_QU_R_PC.swift in Sources */ = {isa = PBXBuildFile; fileRef = C07B03732EB9963D00E60D4C /* UnionFind_QU_R_PC.swift */; };
		C07B03762EB9A0D300E60D4C /* UnionFindTest.swift in Sources */ = {isa = PBXBuildFile; fileRef = C07B03752EB9A0D300E60D4C /* UnionFindTest.swift */; };
		C07B037C2EBAF0A700E60D4C /* GraphProtocol.swift in Sources */ = {isa = PBXBuildFile; fileRef = C07B037B2EBAF0A700E60D4C /* GraphProtocol.swift */; };
		C07B037E2EBB43C500E60D4C /* Graph.swift in Sources */ = {isa = PBXBuildFile; fileRef = C07B037D2EBB43C500E60D4C /* Graph.swift */; };
		C07B03802EBB51D000E60D4C /* GraphTest.swift in Sources */ = {isa = PBXBuildFile; fileRef = C07B037F2EBB51D000E60D4C /* GraphTest.swift */; };
		C07B03822EBB534900E60D4C /* GraphData.swift in Sources */ = {isa = PBXBuildFile; fileRef = C07B03812EBB534900E60D4C /* GraphData.swift */; };
		C07B038F2EBC9ECE00E60D4C /* GenericUnionFind.swift in Sources */ = {isa = PBXBuildFile; fileRef = C07B038E2EBC9ECE00E60D4C /* GenericUnionFind.swift */; };
		C0B57DAF2E5424B90054AD2C /* Linked.swift in Sources */ = {isa = PBXBuildFile; fileRef = C0B57DAA2E5424B90054AD2C /* Linked.swift */; };
		C0B57DB02E5424B90054AD2C /* SortLeetCode.swift in Sources */ = {isa = PBXBuildFile; fileRef = C0B57DA92E5424B90054AD2C /* SortLeetCode.swift */; };
		C0CFB6E92EC2CF34003415C5 /* Recursion.swift in Sources */ = {isa = PBXBuildFile; fileRef = C0CFB6E82EC2CF34003415C5 /* Recursion.swift */; };
		C0CFB6EB2EC2CFF1003415C5 /* BackTracking.swift in Sources */ = {isa = PBXBuildFile; fileRef = C0CFB6EA2EC2CFF1003415C5 /* BackTracking.swift */; };
		C0CFB6EE2EC2DFB6003415C5 /* HomeworkProtocal.swift in Sources */ = {isa = PBXBuildFile; fileRef = C0CFB6ED2EC2DFB6003415C5 /* HomeworkProtocal.swift */; };
		C0CFB6F02EC30DAD003415C5 /* Homework.swift in Sources */ = {isa = PBXBuildFile; fileRef = C0CFB6EF2EC30DAD003415C5 /* Homework.swift */; };
		C0EE74F42EAF5CB300778ADD /* TopK.swift in Sources */ = {isa = PBXBuildFile; fileRef = C0EE74F32EAF5CB300778ADD /* TopK.swift */; };
		C0EE74F62EAF606F00778ADD /* Queue.swift in Sources */ = {isa = PBXBuildFile; fileRef = C0EE74F52EAF606F00778ADD /* Queue.swift */; };
		C0EE74F82EB093ED00778ADD /* Heap.swift in Sources */ = {isa = PBXBuildFile; fileRef = C0EE74F72EB093ED00778ADD /* Heap.swift */; };
		C0EE74FA2EB09E1D00778ADD /* BinaryHeap.swift in Sources */ = {isa = PBXBuildFile; fileRef = C0EE74F92EB09E1D00778ADD /* BinaryHeap.swift */; };
		C0EE75012EB0C2CF00778ADD /* Trie.swift in Sources */ = {isa = PBXBuildFile; fileRef = C0EE75002EB0C2CF00778ADD /* Trie.swift */; };
		C0EE75032EB0CA0000778ADD /* WordSearch.swift in Sources */ = {isa = PBXBuildFile; fileRef = C0EE75022EB0CA0000778ADD /* WordSearch.swift */; };
		C0EE75172EB1C22D00778ADD /* BinaryTreeTest.swift in Sources */ = {isa = PBXBuildFile; fileRef = C0EE75162EB1C22D00778ADD /* BinaryTreeTest.swift */; };
		C0EE751A2EB1C46600778ADD /* Sort.swift in Sources */ = {isa = PBXBuildFile; fileRef = C0EE75192EB1C46600778ADD /* Sort.swift */; };
		C0EE751C2EB1E61000778ADD /* BubbleSort.swift in Sources */ = {isa = PBXBuildFile; fileRef = C0EE751B2EB1E61000778ADD /* BubbleSort.swift */; };
		C0EE751E2EB1E63600778ADD /* SelectionSort.swift in Sources */ = {isa = PBXBuildFile; fileRef = C0EE751D2EB1E63600778ADD /* SelectionSort.swift */; };
		C0EE75202EB1E64C00778ADD /* HeapSort.swift in Sources */ = {isa = PBXBuildFile; fileRef = C0EE751F2EB1E64C00778ADD /* HeapSort.swift */; };
		C0EE75222EB1EF8100778ADD /* SortTest.swift in Sources */ = {isa = PBXBuildFile; fileRef = C0EE75212EB1EF8100778ADD /* SortTest.swift */; };
		C0EE75242EB1F57D00778ADD /* SortTool.swift in Sources */ = {isa = PBXBuildFile; fileRef = C0EE75232EB1F57D00778ADD /* SortTool.swift */; };
		C0EE75262EB214F000778ADD /* InsertSort.swift in Sources */ = {isa = PBXBuildFile; fileRef = C0EE75252EB214F000778ADD /* InsertSort.swift */; };
		C0EE75282EB3134900778ADD /* MergeSort.swift in Sources */ = {isa = PBXBuildFile; fileRef = C0EE75272EB3134900778ADD /* MergeSort.swift */; };
		C0EE752A2EB3135B00778ADD /* QuickSort.swift in Sources */ = {isa = PBXBuildFile; fileRef = C0EE75292EB3135B00778ADD /* QuickSort.swift */; };
		C0EE752C2EB3136900778ADD /* ShellSort.swift in Sources */ = {isa = PBXBuildFile; fileRef = C0EE752B2EB3136900778ADD /* ShellSort.swift */; };
		C0FE199D2DF7E3FD00D945C5 /* Hot.swift in Sources */ = {isa = PBXBuildFile; fileRef = C0FE199A2DF7E3FD00D945C5 /* Hot.swift */; };
		C0FE199E2DF7E3FD00D945C5 /* main.swift in Sources */ = {isa = PBXBuildFile; fileRef = C0FE199B2DF7E3FD00D945C5 /* main.swift */; };
/* End PBXBuildFile section */

/* Begin PBXCopyFilesBuildPhase section */
		C0FE198A2DF7DDC100D945C5 /* CopyFiles */ = {
			isa = PBXCopyFilesBuildPhase;
			buildActionMask = 2147483647;
			dstPath = /usr/share/man/man1/;
			dstSubfolderSpec = 0;
			files = (
			);
			runOnlyForDeploymentPostprocessing = 1;
		};
/* End PBXCopyFilesBuildPhase section */

/* Begin PBXFileReference section */
		C02F50362E654FC9002B52D7 /* Stack.swift */ = {isa = PBXFileReference; lastKnownFileType = sourcecode.swift; path = Stack.swift; sourceTree = "<group>"; };
		C02F50382E693071002B52D7 /* Base.md */ = {isa = PBXFileReference; lastKnownFileType = net.daringfireball.markdown; path = Base.md; sourceTree = "<group>"; };
		C02F50392E6942CC002B52D7 /* Node.swift */ = {isa = PBXFileReference; lastKnownFileType = sourcecode.swift; path = Node.swift; sourceTree = "<group>"; };
		C02F503B2E6942E8002B52D7 /* BinarySearchTree.swift */ = {isa = PBXFileReference; lastKnownFileType = sourcecode.swift; path = BinarySearchTree.swift; sourceTree = "<group>"; };
		C02F503D2E6A7B29002B52D7 /* TestClass.swift */ = {isa = PBXFileReference; lastKnownFileType = sourcecode.swift; path = TestClass.swift; sourceTree = "<group>"; };
		C02F503F2E6A7C55002B52D7 /* BinaryTree.swift */ = {isa = PBXFileReference; lastKnownFileType = sourcecode.swift; path = BinaryTree.swift; sourceTree = "<group>"; };
		C02F50422E6A820A002B52D7 /* Tree-Leetcode.swift */ = {isa = PBXFileReference; lastKnownFileType = sourcecode.swift; path = "Tree-Leetcode.swift"; sourceTree = "<group>"; };
		C02F50652E6AD224002B52D7 /* 01-学前须知.pdf */ = {isa = PBXFileReference; lastKnownFileType = image.pdf; path = "01-学前须知.pdf"; sourceTree = "<group>"; };
		C02F50662E6AD224002B52D7 /* 02-开发环境.pdf */ = {isa = PBXFileReference; lastKnownFileType = image.pdf; path = "02-开发环境.pdf"; sourceTree = "<group>"; };
		C02F50672E6AD224002B52D7 /* 03-复杂度.pdf */ = {isa = PBXFileReference; lastKnownFileType = image.pdf; path = "03-复杂度.pdf"; sourceTree = "<group>"; };
		C02F50682E6AD224002B52D7 /* 04-动态数组.pdf */ = {isa = PBXFileReference; lastKnownFileType = image.pdf; path = "04-动态数组.pdf"; sourceTree = "<group>"; };
		C02F50692E6AD224002B52D7 /* 05-链表.pdf */ = {isa = PBXFileReference; lastKnownFileType = image.pdf; path = "05-链表.pdf"; sourceTree = "<group>"; };
		C02F506A2E6AD224002B52D7 /* 06-栈.pdf */ = {isa = PBXFileReference; lastKnownFileType = image.pdf; path = "06-栈.pdf"; sourceTree = "<group>"; };
		C02F506B2E6AD224002B52D7 /* 07-队列.pdf */ = {isa = PBXFileReference; lastKnownFileType = image.pdf; path = "07-队列.pdf"; sourceTree = "<group>"; };
		C02F506C2E6AD224002B52D7 /* 08-二叉树.pdf */ = {isa = PBXFileReference; lastKnownFileType = image.pdf; path = "08-二叉树.pdf"; sourceTree = "<group>"; };
		C02F506D2E6AD224002B52D7 /* 09-二叉搜索树.pdf */ = {isa = PBXFileReference; lastKnownFileType = image.pdf; path = "09-二叉搜索树.pdf"; sourceTree = "<group>"; };
		C02F506E2E6AD224002B52D7 /* 10-平衡二叉搜索树.pdf */ = {isa = PBXFileReference; lastKnownFileType = image.pdf; path = "10-平衡二叉搜索树.pdf"; sourceTree = "<group>"; };
		C02F506F2E6AD224002B52D7 /* 11-AVL树.pdf */ = {isa = PBXFileReference; lastKnownFileType = image.pdf; path = "11-AVL树.pdf"; sourceTree = "<group>"; };
		C02F50702E6AD224002B52D7 /* 12-B树.pdf */ = {isa = PBXFileReference; lastKnownFileType = image.pdf; path = "12-B树.pdf"; sourceTree = "<group>"; };
		C02F50712E6AD224002B52D7 /* 13-红黑树.pdf */ = {isa = PBXFileReference; lastKnownFileType = image.pdf; path = "13-红黑树.pdf"; sourceTree = "<group>"; };
		C02F50722E6AD224002B52D7 /* 14-集合.pdf */ = {isa = PBXFileReference; lastKnownFileType = image.pdf; path = "14-集合.pdf"; sourceTree = "<group>"; };
		C02F50732E6AD224002B52D7 /* 15-映射.pdf */ = {isa = PBXFileReference; lastKnownFileType = image.pdf; path = "15-映射.pdf"; sourceTree = "<group>"; };
		C02F50742E6AD224002B52D7 /* 16-哈希表.pdf */ = {isa = PBXFileReference; lastKnownFileType = image.pdf; path = "16-哈希表.pdf"; sourceTree = "<group>"; };
		C02F50752E6AD224002B52D7 /* 17-二叉堆.pdf */ = {isa = PBXFileReference; lastKnownFileType = image.pdf; path = "17-二叉堆.pdf"; sourceTree = "<group>"; };
		C02F50762E6AD224002B52D7 /* 18-优先级队列.pdf */ = {isa = PBXFileReference; lastKnownFileType = image.pdf; path = "18-优先级队列.pdf"; sourceTree = "<group>"; };
		C02F50772E6AD224002B52D7 /* 19-哈夫曼树.pdf */ = {isa = PBXFileReference; lastKnownFileType = image.pdf; path = "19-哈夫曼树.pdf"; sourceTree = "<group>"; };
		C02F50782E6AD224002B52D7 /* 20-Trie.pdf */ = {isa = PBXFileReference; lastKnownFileType = image.pdf; path = "20-Trie.pdf"; sourceTree = "<group>"; };
		C02F50792E6AD224002B52D7 /* 21-总结.pdf */ = {isa = PBXFileReference; lastKnownFileType = image.pdf; path = "21-总结.pdf"; sourceTree = "<group>"; };
		C02F507B2E6AD589002B52D7 /* 代码.rar */ = {isa = PBXFileReference; lastKnownFileType = file; path = "代码.rar"; sourceTree = "<group>"; };
		C02F507C2E6FC39D002B52D7 /* AVLTree.swift */ = {isa = PBXFileReference; lastKnownFileType = sourcecode.swift; path = AVLTree.swift; sourceTree = "<group>"; };
		C02F507E2E71171D002B52D7 /* RBTree.swift */ = {isa = PBXFileReference; lastKnownFileType = sourcecode.swift; path = RBTree.swift; sourceTree = "<group>"; };
		C02F50802E711C76002B52D7 /* B-Tree.swift */ = {isa = PBXFileReference; lastKnownFileType = sourcecode.swift; path = "B-Tree.swift"; sourceTree = "<group>"; };
		C02F50822E726213002B52D7 /* BalanceBST.swift */ = {isa = PBXFileReference; lastKnownFileType = sourcecode.swift; path = BalanceBST.swift; sourceTree = "<group>"; };
		C02F50A92E8277A1002B52D7 /* HashMap.swift */ = {isa = PBXFileReference; lastKnownFileType = sourcecode.swift; path = HashMap.swift; sourceTree = "<group>"; };
		C02F50AB2E83C866002B52D7 /* TreeMap.swift */ = {isa = PBXFileReference; lastKnownFileType = sourcecode.swift; path = TreeMap.swift; sourceTree = "<group>"; };
		C02F50AD2E83C879002B52D7 /* LinkedHashMap.swift */ = {isa = PBXFileReference; lastKnownFileType = sourcecode.swift; path = LinkedHashMap.swift; sourceTree = "<group>"; };
		C07B035C2EB44CE400E60D4C /* CountingSort.swift */ = {isa = PBXFileReference; lastKnownFileType = sourcecode.swift; path = CountingSort.swift; sourceTree = "<group>"; };
		C07B035E2EB44CF500E60D4C /* BucketSort.swift */ = {isa = PBXFileReference; lastKnownFileType = sourcecode.swift; path = BucketSort.swift; sourceTree = "<group>"; };
		C07B03602EB44D2C00E60D4C /* RadixSort.swift */ = {isa = PBXFileReference; lastKnownFileType = sourcecode.swift; path = RadixSort.swift; sourceTree = "<group>"; };
		C07B03632EB454A400E60D4C /* UnionFind.swift */ = {isa = PBXFileReference; lastKnownFileType = sourcecode.swift; path = UnionFind.swift; sourceTree = "<group>"; };
		C07B03652EB454AE00E60D4C /* UnionFind_QF.swift */ = {isa = PBXFileReference; lastKnownFileType = sourcecode.swift; path = UnionFind_QF.swift; sourceTree = "<group>"; };
		C07B03672EB454BA00E60D4C /* UnionFind_QU.swift */ = {isa = PBXFileReference; lastKnownFileType = sourcecode.swift; path = UnionFind_QU.swift; sourceTree = "<group>"; };
		C07B036B2EB995E000E60D4C /* UnionFind_QU_S.swift */ = {isa = PBXFileReference; lastKnownFileType = sourcecode.swift; path = UnionFind_QU_S.swift; sourceTree = "<group>"; };
		C07B036D2EB995F900E60D4C /* UnionFind_QU_R.swift */ = {isa = PBXFileReference; lastKnownFileType = sourcecode.swift; path = UnionFind_QU_R.swift; sourceTree = "<group>"; };
		C07B036F2EB9961000E60D4C /* UnionFind_QU_R_PS.swift */ = {isa = PBXFileReference; lastKnownFileType = sourcecode.swift; path = UnionFind_QU_R_PS.swift; sourceTree = "<group>"; };
		C07B03712EB9961F00E60D4C /* UnionFind_QU_R_PH.swift */ = {isa = PBXFileReference; lastKnownFileType = sourcecode.swift; path = UnionFind_QU_R_PH.swift; sourceTree = "<group>"; };
		C07B03732EB9963D00E60D4C /* UnionFind_QU_R_PC.swift */ = {isa = PBXFileReference; lastKnownFileType = sourcecode.swift; path = UnionFind_QU_R_PC.swift; sourceTree = "<group>"; };
		C07B03752EB9A0D300E60D4C /* UnionFindTest.swift */ = {isa = PBXFileReference; lastKnownFileType = sourcecode.swift; path = UnionFindTest.swift; sourceTree = "<group>"; };
		C07B037B2EBAF0A700E60D4C /* GraphProtocol.swift */ = {isa = PBXFileReference; lastKnownFileType = sourcecode.swift; path = GraphProtocol.swift; sourceTree = "<group>"; };
		C07B037D2EBB43C500E60D4C /* Graph.swift */ = {isa = PBXFileReference; lastKnownFileType = sourcecode.swift; path = Graph.swift; sourceTree = "<group>"; };
		C07B037F2EBB51D000E60D4C /* GraphTest.swift */ = {isa = PBXFileReference; lastKnownFileType = sourcecode.swift; path = GraphTest.swift; sourceTree = "<group>"; };
		C07B03812EBB534900E60D4C /* GraphData.swift */ = {isa = PBXFileReference; lastKnownFileType = sourcecode.swift; path = GraphData.swift; sourceTree = "<group>"; };
		C07B03832EBB593C00E60D4C /* mst_01.png */ = {isa = PBXFileReference; lastKnownFileType = image.png; path = mst_01.png; sourceTree = "<group>"; };
		C07B03842EBB593C00E60D4C /* mst_02.png */ = {isa = PBXFileReference; lastKnownFileType = image.png; path = mst_02.png; sourceTree = "<group>"; };
		C07B03852EBB593C00E60D4C /* negative_weight_01.png */ = {isa = PBXFileReference; lastKnownFileType = image.png; path = negative_weight_01.png; sourceTree = "<group>"; };
		C07B03862EBB593C00E60D4C /* negative_weight_02.png */ = {isa = PBXFileReference; lastKnownFileType = image.png; path = negative_weight_02.png; sourceTree = "<group>"; };
		C07B03872EBB593C00E60D4C /* no_weight_02.png */ = {isa = PBXFileReference; lastKnownFileType = image.png; path = no_weight_02.png; sourceTree = "<group>"; };
		C07B03882EBB593C00E60D4C /* no_weight_03.png */ = {isa = PBXFileReference; lastKnownFileType = image.png; path = no_weight_03.png; sourceTree = "<group>"; };
		C07B03892EBB593C00E60D4C /* topo.png */ = {isa = PBXFileReference; lastKnownFileType = image.png; path = topo.png; sourceTree = "<group>"; };
		C07B038A2EBB593C00E60D4C /* weight_03.png */ = {isa = PBXFileReference; lastKnownFileType = image.png; path = weight_03.png; sourceTree = "<group>"; };
		C07B038B2EBB593C00E60D4C /* weight_05.png */ = {isa = PBXFileReference; lastKnownFileType = image.png; path = weight_05.png; sourceTree = "<group>"; };
		C07B038E2EBC9ECE00E60D4C /* GenericUnionFind.swift */ = {isa = PBXFileReference; lastKnownFileType = sourcecode.swift; path = GenericUnionFind.swift; sourceTree = "<group>"; };
		C0B57DA92E5424B90054AD2C /* SortLeetCode.swift */ = {isa = PBXFileReference; lastKnownFileType = sourcecode.swift; path = SortLeetCode.swift; sourceTree = "<group>"; };
		C0B57DAA2E5424B90054AD2C /* Linked.swift */ = {isa = PBXFileReference; lastKnownFileType = sourcecode.swift; path = Linked.swift; sourceTree = "<group>"; };
		C0B57DAC2E5424B90054AD2C /* BinaryTree.md */ = {isa = PBXFileReference; lastKnownFileType = net.daringfireball.markdown; path = BinaryTree.md; sourceTree = "<group>"; };
		C0B57DAD2E5424B90054AD2C /* Other.md */ = {isa = PBXFileReference; lastKnownFileType = net.daringfireball.markdown; path = Other.md; sourceTree = "<group>"; };
		C0CFB6E82EC2CF34003415C5 /* Recursion.swift */ = {isa = PBXFileReference; lastKnownFileType = sourcecode.swift; path = Recursion.swift; sourceTree = "<group>"; };
		C0CFB6EA2EC2CFF1003415C5 /* BackTracking.swift */ = {isa = PBXFileReference; lastKnownFileType = sourcecode.swift; path = BackTracking.swift; sourceTree = "<group>"; };
		C0CFB6ED2EC2DFB6003415C5 /* HomeworkProtocal.swift */ = {isa = PBXFileReference; lastKnownFileType = sourcecode.swift; path = HomeworkProtocal.swift; sourceTree = "<group>"; };
		C0CFB6EF2EC30DAD003415C5 /* Homework.swift */ = {isa = PBXFileReference; lastKnownFileType = sourcecode.swift; path = Homework.swift; sourceTree = "<group>"; };
		C0EE74F12EAF0C0400778ADD /* BinaryHeap.md */ = {isa = PBXFileReference; lastKnownFileType = net.daringfireball.markdown; path = BinaryHeap.md; sourceTree = "<group>"; };
		C0EE74F32EAF5CB300778ADD /* TopK.swift */ = {isa = PBXFileReference; lastKnownFileType = sourcecode.swift; path = TopK.swift; sourceTree = "<group>"; };
		C0EE74F52EAF606F00778ADD /* Queue.swift */ = {isa = PBXFileReference; lastKnownFileType = sourcecode.swift; path = Queue.swift; sourceTree = "<group>"; };
		C0EE74F72EB093ED00778ADD /* Heap.swift */ = {isa = PBXFileReference; lastKnownFileType = sourcecode.swift; path = Heap.swift; sourceTree = "<group>"; };
		C0EE74F92EB09E1D00778ADD /* BinaryHeap.swift */ = {isa = PBXFileReference; lastKnownFileType = sourcecode.swift; path = BinaryHeap.swift; sourceTree = "<group>"; };
		C0EE75002EB0C2CF00778ADD /* Trie.swift */ = {isa = PBXFileReference; lastKnownFileType = sourcecode.swift; path = Trie.swift; sourceTree = "<group>"; };
		C0EE75022EB0CA0000778ADD /* WordSearch.swift */ = {isa = PBXFileReference; lastKnownFileType = sourcecode.swift; path = WordSearch.swift; sourceTree = "<group>"; };
		C0EE75162EB1C22D00778ADD /* BinaryTreeTest.swift */ = {isa = PBXFileReference; lastKnownFileType = sourcecode.swift; path = BinaryTreeTest.swift; sourceTree = "<group>"; };
		C0EE75192EB1C46600778ADD /* Sort.swift */ = {isa = PBXFileReference; lastKnownFileType = sourcecode.swift; path = Sort.swift; sourceTree = "<group>"; };
		C0EE751B2EB1E61000778ADD /* BubbleSort.swift */ = {isa = PBXFileReference; lastKnownFileType = sourcecode.swift; path = BubbleSort.swift; sourceTree = "<group>"; };
		C0EE751D2EB1E63600778ADD /* SelectionSort.swift */ = {isa = PBXFileReference; lastKnownFileType = sourcecode.swift; path = SelectionSort.swift; sourceTree = "<group>"; };
		C0EE751F2EB1E64C00778ADD /* HeapSort.swift */ = {isa = PBXFileReference; lastKnownFileType = sourcecode.swift; path = HeapSort.swift; sourceTree = "<group>"; };
		C0EE75212EB1EF8100778ADD /* SortTest.swift */ = {isa = PBXFileReference; lastKnownFileType = sourcecode.swift; path = SortTest.swift; sourceTree = "<group>"; };
		C0EE75232EB1F57D00778ADD /* SortTool.swift */ = {isa = PBXFileReference; lastKnownFileType = sourcecode.swift; path = SortTool.swift; sourceTree = "<group>"; };
		C0EE75252EB214F000778ADD /* InsertSort.swift */ = {isa = PBXFileReference; lastKnownFileType = sourcecode.swift; path = InsertSort.swift; sourceTree = "<group>"; };
		C0EE75272EB3134900778ADD /* MergeSort.swift */ = {isa = PBXFileReference; lastKnownFileType = sourcecode.swift; path = MergeSort.swift; sourceTree = "<group>"; };
		C0EE75292EB3135B00778ADD /* QuickSort.swift */ = {isa = PBXFileReference; lastKnownFileType = sourcecode.swift; path = QuickSort.swift; sourceTree = "<group>"; };
		C0EE752B2EB3136900778ADD /* ShellSort.swift */ = {isa = PBXFileReference; lastKnownFileType = sourcecode.swift; path = ShellSort.swift; sourceTree = "<group>"; };
		C0FE198C2DF7DDC100D945C5 /* CommendLine-Swift */ = {isa = PBXFileReference; explicitFileType = "compiled.mach-o.executable"; includeInIndex = 0; path = "CommendLine-Swift"; sourceTree = BUILT_PRODUCTS_DIR; };
		C0FE199A2DF7E3FD00D945C5 /* Hot.swift */ = {isa = PBXFileReference; lastKnownFileType = sourcecode.swift; path = Hot.swift; sourceTree = "<group>"; };
		C0FE199B2DF7E3FD00D945C5 /* main.swift */ = {isa = PBXFileReference; lastKnownFileType = sourcecode.swift; path = main.swift; sourceTree = "<group>"; };
/* End PBXFileReference section */

/* Begin PBXFrameworksBuildPhase section */
		C0FE19892DF7DDC100D945C5 /* Frameworks */ = {
			isa = PBXFrameworksBuildPhase;
			buildActionMask = 2147483647;
			files = (
			);
			runOnlyForDeploymentPostprocessing = 0;
		};
/* End PBXFrameworksBuildPhase section */

/* Begin PBXGroup section */
		C02F50412E6A7C5A002B52D7 /* Tree */ = {
			isa = PBXGroup;
			children = (
				C02F50392E6942CC002B52D7 /* Node.swift */,
				C02F50802E711C76002B52D7 /* B-Tree.swift */,
				C02F503F2E6A7C55002B52D7 /* BinaryTree.swift */,
				C02F503B2E6942E8002B52D7 /* BinarySearchTree.swift */,
				C02F50822E726213002B52D7 /* BalanceBST.swift */,
				C02F507C2E6FC39D002B52D7 /* AVLTree.swift */,
				C02F507E2E71171D002B52D7 /* RBTree.swift */,
				C02F50422E6A820A002B52D7 /* Tree-Leetcode.swift */,
				C0EE75162EB1C22D00778ADD /* BinaryTreeTest.swift */,
			);
			path = Tree;
			sourceTree = "<group>";
		};
		C02F507A2E6AD224002B52D7 /* 课件 */ = {
			isa = PBXGroup;
			children = (
				C07B03832EBB593C00E60D4C /* mst_01.png */,
				C07B03842EBB593C00E60D4C /* mst_02.png */,
				C07B03852EBB593C00E60D4C /* negative_weight_01.png */,
				C07B03862EBB593C00E60D4C /* negative_weight_02.png */,
				C07B03872EBB593C00E60D4C /* no_weight_02.png */,
				C07B03882EBB593C00E60D4C /* no_weight_03.png */,
				C07B03892EBB593C00E60D4C /* topo.png */,
				C07B038A2EBB593C00E60D4C /* weight_03.png */,
				C07B038B2EBB593C00E60D4C /* weight_05.png */,
				C02F507B2E6AD589002B52D7 /* 代码.rar */,
				C02F50652E6AD224002B52D7 /* 01-学前须知.pdf */,
				C02F50662E6AD224002B52D7 /* 02-开发环境.pdf */,
				C02F50672E6AD224002B52D7 /* 03-复杂度.pdf */,
				C02F50682E6AD224002B52D7 /* 04-动态数组.pdf */,
				C02F50692E6AD224002B52D7 /* 05-链表.pdf */,
				C02F506A2E6AD224002B52D7 /* 06-栈.pdf */,
				C02F506B2E6AD224002B52D7 /* 07-队列.pdf */,
				C02F506C2E6AD224002B52D7 /* 08-二叉树.pdf */,
				C02F506D2E6AD224002B52D7 /* 09-二叉搜索树.pdf */,
				C02F506E2E6AD224002B52D7 /* 10-平衡二叉搜索树.pdf */,
				C02F506F2E6AD224002B52D7 /* 11-AVL树.pdf */,
				C02F50702E6AD224002B52D7 /* 12-B树.pdf */,
				C02F50712E6AD224002B52D7 /* 13-红黑树.pdf */,
				C02F50722E6AD224002B52D7 /* 14-集合.pdf */,
				C02F50732E6AD224002B52D7 /* 15-映射.pdf */,
				C02F50742E6AD224002B52D7 /* 16-哈希表.pdf */,
				C02F50752E6AD224002B52D7 /* 17-二叉堆.pdf */,
				C02F50762E6AD224002B52D7 /* 18-优先级队列.pdf */,
				C02F50772E6AD224002B52D7 /* 19-哈夫曼树.pdf */,
				C02F50782E6AD224002B52D7 /* 20-Trie.pdf */,
				C02F50792E6AD224002B52D7 /* 21-总结.pdf */,
			);
			path = "课件";
			sourceTree = "<group>";
		};
		C02F50A82E827789002B52D7 /* Map */ = {
			isa = PBXGroup;
			children = (
				C02F50AB2E83C866002B52D7 /* TreeMap.swift */,
				C02F50A92E8277A1002B52D7 /* HashMap.swift */,
				C02F50AD2E83C879002B52D7 /* LinkedHashMap.swift */,
			);
			path = Map;
			sourceTree = "<group>";
		};
		C07B03622EB4549100E60D4C /* UnionFind */ = {
			isa = PBXGroup;
			children = (
				C07B03752EB9A0D300E60D4C /* UnionFindTest.swift */,
				C07B03632EB454A400E60D4C /* UnionFind.swift */,
				C07B03652EB454AE00E60D4C /* UnionFind_QF.swift */,
				C07B03672EB454BA00E60D4C /* UnionFind_QU.swift */,
				C07B036B2EB995E000E60D4C /* UnionFind_QU_S.swift */,
				C07B036D2EB995F900E60D4C /* UnionFind_QU_R.swift */,
				C07B03732EB9963D00E60D4C /* UnionFind_QU_R_PC.swift */,
				C07B036F2EB9961000E60D4C /* UnionFind_QU_R_PS.swift */,
				C07B03712EB9961F00E60D4C /* UnionFind_QU_R_PH.swift */,
				C07B038E2EBC9ECE00E60D4C /* GenericUnionFind.swift */,
			);
			path = UnionFind;
			sourceTree = "<group>";
		};
		C07B037A2EBAF08900E60D4C /* Graph */ = {
			isa = PBXGroup;
			children = (
				C07B03812EBB534900E60D4C /* GraphData.swift */,
				C07B037F2EBB51D000E60D4C /* GraphTest.swift */,
				C07B037B2EBAF0A700E60D4C /* GraphProtocol.swift */,
				C07B037D2EBB43C500E60D4C /* Graph.swift */,
			);
			path = Graph;
			sourceTree = "<group>";
		};
		C0CFB6E72EC2CE8D003415C5 /* Recursion */ = {
			isa = PBXGroup;
			children = (
				C0CFB6E82EC2CF34003415C5 /* Recursion.swift */,
				C0CFB6EA2EC2CFF1003415C5 /* BackTracking.swift */,
			);
			path = Recursion;
			sourceTree = "<group>";
		};
		C0CFB6EC2EC2DF99003415C5 /* Homework */ = {
			isa = PBXGroup;
			children = (
				C0CFB6ED2EC2DFB6003415C5 /* HomeworkProtocal.swift */,
				C0CFB6EF2EC30DAD003415C5 /* Homework.swift */,
			);
			path = Homework;
			sourceTree = "<group>";
		};
		C0EE74F22EAF4E9200778ADD /* Heap */ = {
			isa = PBXGroup;
			children = (
				C0EE74F72EB093ED00778ADD /* Heap.swift */,
				C0EE74F92EB09E1D00778ADD /* BinaryHeap.swift */,
				C0EE74F32EAF5CB300778ADD /* TopK.swift */,
			);
			path = Heap;
			sourceTree = "<group>";
		};
		C0EE74FF2EB0C2BB00778ADD /* Trie-字典树 */ = {
			isa = PBXGroup;
			children = (
				C0EE75002EB0C2CF00778ADD /* Trie.swift */,
				C0EE75022EB0CA0000778ADD /* WordSearch.swift */,
			);
			path = "Trie-字典树";
			sourceTree = "<group>";
		};
		C0EE75182EB1C44F00778ADD /* Sort */ = {
			isa = PBXGroup;
			children = (
				C0EE75212EB1EF8100778ADD /* SortTest.swift */,
				C0EE75192EB1C46600778ADD /* Sort.swift */,
				C0EE751B2EB1E61000778ADD /* BubbleSort.swift */,
				C0EE751D2EB1E63600778ADD /* SelectionSort.swift */,
				C0EE751F2EB1E64C00778ADD /* HeapSort.swift */,
				C0EE75252EB214F000778ADD /* InsertSort.swift */,
				C0EE75272EB3134900778ADD /* MergeSort.swift */,
				C0EE75292EB3135B00778ADD /* QuickSort.swift */,
				C0EE752B2EB3136900778ADD /* ShellSort.swift */,
				C07B035C2EB44CE400E60D4C /* CountingSort.swift */,
				C07B03602EB44D2C00E60D4C /* RadixSort.swift */,
				C07B035E2EB44CF500E60D4C /* BucketSort.swift */,
				C0B57DA92E5424B90054AD2C /* SortLeetCode.swift */,
				C0EE75232EB1F57D00778ADD /* SortTool.swift */,
			);
			path = Sort;
			sourceTree = "<group>";
		};
		C0FE19832DF7DDC100D945C5 = {
			isa = PBXGroup;
			children = (
				C0FE199C2DF7E3FD00D945C5 /* CommendLine-Swift */,
				C0FE198D2DF7DDC100D945C5 /* Products */,
			);
			sourceTree = "<group>";
		};
		C0FE198D2DF7DDC100D945C5 /* Products */ = {
			isa = PBXGroup;
			children = (
				C0FE198C2DF7DDC100D945C5 /* CommendLine-Swift */,
			);
			name = Products;
			sourceTree = "<group>";
		};
		C0FE199C2DF7E3FD00D945C5 /* CommendLine-Swift */ = {
			isa = PBXGroup;
			children = (
				C0FE199B2DF7E3FD00D945C5 /* main.swift */,
				C0FE199A2DF7E3FD00D945C5 /* Hot.swift */,
				C0B57DAA2E5424B90054AD2C /* Linked.swift */,
				C0EE74F52EAF606F00778ADD /* Queue.swift */,
				C02F50362E654FC9002B52D7 /* Stack.swift */,
				C02F503D2E6A7B29002B52D7 /* TestClass.swift */,
				C02F50412E6A7C5A002B52D7 /* Tree */,
				C02F50A82E827789002B52D7 /* Map */,
				C0EE74F22EAF4E9200778ADD /* Heap */,
				C0EE74FF2EB0C2BB00778ADD /* Trie-字典树 */,
				C07B03622EB4549100E60D4C /* UnionFind */,
				C07B037A2EBAF08900E60D4C /* Graph */,
				C0EE75182EB1C44F00778ADD /* Sort */,
				C0CFB6E72EC2CE8D003415C5 /* Recursion */,
				C0CFB6EC2EC2DF99003415C5 /* Homework */,
				C02F507A2E6AD224002B52D7 /* 课件 */,
				C02F50382E693071002B52D7 /* Base.md */,
				C0B57DAC2E5424B90054AD2C /* BinaryTree.md */,
				C0EE74F12EAF0C0400778ADD /* BinaryHeap.md */,
				C0B57DAD2E5424B90054AD2C /* Other.md */,
			);
			path = "CommendLine-Swift";
			sourceTree = "<group>";
		};
/* End PBXGroup section */

/* Begin PBXNativeTarget section */
		C0FE198B2DF7DDC100D945C5 /* CommendLine-Swift */ = {
			isa = PBXNativeTarget;
			buildConfigurationList = C0FE19932DF7DDC100D945C5 /* Build configuration list for PBXNativeTarget "CommendLine-Swift" */;
			buildPhases = (
				C0FE19882DF7DDC100D945C5 /* Sources */,
				C0FE19892DF7DDC100D945C5 /* Frameworks */,
				C0FE198A2DF7DDC100D945C5 /* CopyFiles */,
			);
			buildRules = (
			);
			dependencies = (
			);
			name = "CommendLine-Swift";
			packageProductDependencies = (
			);
			productName = "CommendLine-Swift";
			productReference = C0FE198C2DF7DDC100D945C5 /* CommendLine-Swift */;
			productType = "com.apple.product-type.tool";
		};
/* End PBXNativeTarget section */

/* Begin PBXProject section */
		C0FE19842DF7DDC100D945C5 /* Project object */ = {
			isa = PBXProject;
			attributes = {
				BuildIndependentTargetsInParallel = 1;
				LastSwiftUpdateCheck = 1630;
				LastUpgradeCheck = 1630;
				TargetAttributes = {
					C0FE198B2DF7DDC100D945C5 = {
						CreatedOnToolsVersion = 16.3;
					};
				};
			};
			buildConfigurationList = C0FE19872DF7DDC100D945C5 /* Build configuration list for PBXProject "CommendLine-Swift" */;
			developmentRegion = en;
			hasScannedForEncodings = 0;
			knownRegions = (
				en,
				Base,
			);
			mainGroup = C0FE19832DF7DDC100D945C5;
			minimizedProjectReferenceProxies = 1;
			preferredProjectObjectVersion = 77;
			productRefGroup = C0FE198D2DF7DDC100D945C5 /* Products */;
			projectDirPath = "";
			projectRoot = "";
			targets = (
				C0FE198B2DF7DDC100D945C5 /* CommendLine-Swift */,
			);
		};
/* End PBXProject section */

/* Begin PBXSourcesBuildPhase section */
		C0FE19882DF7DDC100D945C5 /* Sources */ = {
			isa = PBXSourcesBuildPhase;
			buildActionMask = 2147483647;
			files = (
				C0EE74FA2EB09E1D00778ADD /* BinaryHeap.swift in Sources */,
				C02F503E2E6A7B29002B52D7 /* TestClass.swift in Sources */,
				C0EE75282EB3134900778ADD /* MergeSort.swift in Sources */,
				C02F50812E711C76002B52D7 /* B-Tree.swift in Sources */,
				C0EE752A2EB3135B00778ADD /* QuickSort.swift in Sources */,
				C0EE75202EB1E64C00778ADD /* HeapSort.swift in Sources */,
				C0CFB6F02EC30DAD003415C5 /* Homework.swift in Sources */,
				C07B03642EB454A400E60D4C /* UnionFind.swift in Sources */,
				C0EE751A2EB1C46600778ADD /* Sort.swift in Sources */,
				C0EE75242EB1F57D00778ADD /* SortTool.swift in Sources */,
				C07B03702EB9961000E60D4C /* UnionFind_QU_R_PS.swift in Sources */,
				C0EE752C2EB3136900778ADD /* ShellSort.swift in Sources */,
				C0EE75262EB214F000778ADD /* InsertSort.swift in Sources */,
				C0B57DAF2E5424B90054AD2C /* Linked.swift in Sources */,
				C0EE75172EB1C22D00778ADD /* BinaryTreeTest.swift in Sources */,
				C0CFB6EE2EC2DFB6003415C5 /* HomeworkProtocal.swift in Sources */,
				C0EE74F62EAF606F00778ADD /* Queue.swift in Sources */,
				C02F50432E6A820A002B52D7 /* Tree-Leetcode.swift in Sources */,
				C02F50832E726213002B52D7 /* BalanceBST.swift in Sources */,
				C02F50372E654FC9002B52D7 /* Stack.swift in Sources */,
				C02F50AC2E83C866002B52D7 /* TreeMap.swift in Sources */,
				C0B57DB02E5424B90054AD2C /* SortLeetCode.swift in Sources */,
				C02F503C2E6942E8002B52D7 /* BinarySearchTree.swift in Sources */,
				C07B037C2EBAF0A700E60D4C /* GraphProtocol.swift in Sources */,
				C0EE75012EB0C2CF00778ADD /* Trie.swift in Sources */,
				C07B03742EB9963D00E60D4C /* UnionFind_QU_R_PC.swift in Sources */,
				C0CFB6E92EC2CF34003415C5 /* Recursion.swift in Sources */,
				C07B038F2EBC9ECE00E60D4C /* GenericUnionFind.swift in Sources */,
				C07B037E2EBB43C500E60D4C /* Graph.swift in Sources */,
				C02F50402E6A7C55002B52D7 /* BinaryTree.swift in Sources */,
				C0EE74F82EB093ED00778ADD /* Heap.swift in Sources */,
				C0EE75032EB0CA0000778ADD /* WordSearch.swift in Sources */,
				C07B03722EB9961F00E60D4C /* UnionFind_QU_R_PH.swift in Sources */,
				C07B03802EBB51D000E60D4C /* GraphTest.swift in Sources */,
				C07B036C2EB995E000E60D4C /* UnionFind_QU_S.swift in Sources */,
				C07B03662EB454AE00E60D4C /* UnionFind_QF.swift in Sources */,
				C0EE75222EB1EF8100778ADD /* SortTest.swift in Sources */,
				C07B036E2EB995F900E60D4C /* UnionFind_QU_R.swift in Sources */,
				C07B035D2EB44CE400E60D4C /* CountingSort.swift in Sources */,
				C0EE751C2EB1E61000778ADD /* BubbleSort.swift in Sources */,
				C07B03682EB454BA00E60D4C /* UnionFind_QU.swift in Sources */,
				C02F503A2E6942CC002B52D7 /* Node.swift in Sources */,
				C0FE199D2DF7E3FD00D945C5 /* Hot.swift in Sources */,
				C07B03612EB44D2C00E60D4C /* RadixSort.swift in Sources */,
				C02F507F2E71171D002B52D7 /* RBTree.swift in Sources */,
				C0FE199E2DF7E3FD00D945C5 /* main.swift in Sources */,
				C02F50AE2E83C879002B52D7 /* LinkedHashMap.swift in Sources */,
				C0EE74F42EAF5CB300778ADD /* TopK.swift in Sources */,
				C02F507D2E6FC39D002B52D7 /* AVLTree.swift in Sources */,
				C07B035F2EB44CF500E60D4C /* BucketSort.swift in Sources */,
				C0EE751E2EB1E63600778ADD /* SelectionSort.swift in Sources */,
				C07B03762EB9A0D300E60D4C /* UnionFindTest.swift in Sources */,
				C0CFB6EB2EC2CFF1003415C5 /* BackTracking.swift in Sources */,
				C07B03822EBB534900E60D4C /* GraphData.swift in Sources */,
				C02F50AA2E8277A1002B52D7 /* HashMap.swift in Sources */,
			);
			runOnlyForDeploymentPostprocessing = 0;
		};
/* End PBXSourcesBuildPhase section */

/* Begin XCBuildConfiguration section */
		C0FE19912DF7DDC100D945C5 /* Debug */ = {
			isa = XCBuildConfiguration;
			buildSettings = {
				ALWAYS_SEARCH_USER_PATHS = NO;
				ASSETCATALOG_COMPILER_GENERATE_SWIFT_ASSET_SYMBOL_EXTENSIONS = YES;
				CLANG_ANALYZER_NONNULL = YES;
				CLANG_ANALYZER_NUMBER_OBJECT_CONVERSION = YES_AGGRESSIVE;
				CLANG_CXX_LANGUAGE_STANDARD = "gnu++20";
				CLANG_ENABLE_MODULES = YES;
				CLANG_ENABLE_OBJC_ARC = YES;
				CLANG_ENABLE_OBJC_WEAK = YES;
				CLANG_WARN_BLOCK_CAPTURE_AUTORELEASING = YES;
				CLANG_WARN_BOOL_CONVERSION = YES;
				CLANG_WARN_COMMA = YES;
				CLANG_WARN_CONSTANT_CONVERSION = YES;
				CLANG_WARN_DEPRECATED_OBJC_IMPLEMENTATIONS = YES;
				CLANG_WARN_DIRECT_OBJC_ISA_USAGE = YES_ERROR;
				CLANG_WARN_DOCUMENTATION_COMMENTS = YES;
				CLANG_WARN_EMPTY_BODY = YES;
				CLANG_WARN_ENUM_CONVERSION = YES;
				CLANG_WARN_INFINITE_RECURSION = YES;
				CLANG_WARN_INT_CONVERSION = YES;
				CLANG_WARN_NON_LITERAL_NULL_CONVERSION = YES;
				CLANG_WARN_OBJC_IMPLICIT_RETAIN_SELF = YES;
				CLANG_WARN_OBJC_LITERAL_CONVERSION = YES;
				CLANG_WARN_OBJC_ROOT_CLASS = YES_ERROR;
				CLANG_WARN_QUOTED_INCLUDE_IN_FRAMEWORK_HEADER = YES;
				CLANG_WARN_RANGE_LOOP_ANALYSIS = YES;
				CLANG_WARN_STRICT_PROTOTYPES = YES;
				CLANG_WARN_SUSPICIOUS_MOVE = YES;
				CLANG_WARN_UNGUARDED_AVAILABILITY = YES_AGGRESSIVE;
				CLANG_WARN_UNREACHABLE_CODE = YES;
				CLANG_WARN__DUPLICATE_METHOD_MATCH = YES;
				COPY_PHASE_STRIP = NO;
				DEBUG_INFORMATION_FORMAT = dwarf;
				ENABLE_STRICT_OBJC_MSGSEND = YES;
				ENABLE_TESTABILITY = YES;
				ENABLE_USER_SCRIPT_SANDBOXING = YES;
				GCC_C_LANGUAGE_STANDARD = gnu17;
				GCC_DYNAMIC_NO_PIC = NO;
				GCC_NO_COMMON_BLOCKS = YES;
				GCC_OPTIMIZATION_LEVEL = 0;
				GCC_PREPROCESSOR_DEFINITIONS = (
					"DEBUG=1",
					"$(inherited)",
				);
				GCC_WARN_64_TO_32_BIT_CONVERSION = YES;
				GCC_WARN_ABOUT_RETURN_TYPE = YES_ERROR;
				GCC_WARN_UNDECLARED_SELECTOR = YES;
				GCC_WARN_UNINITIALIZED_AUTOS = YES_AGGRESSIVE;
				GCC_WARN_UNUSED_FUNCTION = YES;
				GCC_WARN_UNUSED_VARIABLE = YES;
				LOCALIZATION_PREFERS_STRING_CATALOGS = YES;
				MACOSX_DEPLOYMENT_TARGET = 15.4;
				MTL_ENABLE_DEBUG_INFO = INCLUDE_SOURCE;
				MTL_FAST_MATH = YES;
				ONLY_ACTIVE_ARCH = YES;
				SDKROOT = macosx;
				SWIFT_ACTIVE_COMPILATION_CONDITIONS = "DEBUG $(inherited)";
				SWIFT_OPTIMIZATION_LEVEL = "-Onone";
			};
			name = Debug;
		};
		C0FE19922DF7DDC100D945C5 /* Release */ = {
			isa = XCBuildConfiguration;
			buildSettings = {
				ALWAYS_SEARCH_USER_PATHS = NO;
				ASSETCATALOG_COMPILER_GENERATE_SWIFT_ASSET_SYMBOL_EXTENSIONS = YES;
				CLANG_ANALYZER_NONNULL = YES;
				CLANG_ANALYZER_NUMBER_OBJECT_CONVERSION = YES_AGGRESSIVE;
				CLANG_CXX_LANGUAGE_STANDARD = "gnu++20";
				CLANG_ENABLE_MODULES = YES;
				CLANG_ENABLE_OBJC_ARC = YES;
				CLANG_ENABLE_OBJC_WEAK = YES;
				CLANG_WARN_BLOCK_CAPTURE_AUTORELEASING = YES;
				CLANG_WARN_BOOL_CONVERSION = YES;
				CLANG_WARN_COMMA = YES;
				CLANG_WARN_CONSTANT_CONVERSION = YES;
				CLANG_WARN_DEPRECATED_OBJC_IMPLEMENTATIONS = YES;
				CLANG_WARN_DIRECT_OBJC_ISA_USAGE = YES_ERROR;
				CLANG_WARN_DOCUMENTATION_COMMENTS = YES;
				CLANG_WARN_EMPTY_BODY = YES;
				CLANG_WARN_ENUM_CONVERSION = YES;
				CLANG_WARN_INFINITE_RECURSION = YES;
				CLANG_WARN_INT_CONVERSION = YES;
				CLANG_WARN_NON_LITERAL_NULL_CONVERSION = YES;
				CLANG_WARN_OBJC_IMPLICIT_RETAIN_SELF = YES;
				CLANG_WARN_OBJC_LITERAL_CONVERSION = YES;
				CLANG_WARN_OBJC_ROOT_CLASS = YES_ERROR;
				CLANG_WARN_QUOTED_INCLUDE_IN_FRAMEWORK_HEADER = YES;
				CLANG_WARN_RANGE_LOOP_ANALYSIS = YES;
				CLANG_WARN_STRICT_PROTOTYPES = YES;
				CLANG_WARN_SUSPICIOUS_MOVE = YES;
				CLANG_WARN_UNGUARDED_AVAILABILITY = YES_AGGRESSIVE;
				CLANG_WARN_UNREACHABLE_CODE = YES;
				CLANG_WARN__DUPLICATE_METHOD_MATCH = YES;
				COPY_PHASE_STRIP = NO;
				DEBUG_INFORMATION_FORMAT = "dwarf-with-dsym";
				ENABLE_NS_ASSERTIONS = NO;
				ENABLE_STRICT_OBJC_MSGSEND = YES;
				ENABLE_USER_SCRIPT_SANDBOXING = YES;
				GCC_C_LANGUAGE_STANDARD = gnu17;
				GCC_NO_COMMON_BLOCKS = YES;
				GCC_WARN_64_TO_32_BIT_CONVERSION = YES;
				GCC_WARN_ABOUT_RETURN_TYPE = YES_ERROR;
				GCC_WARN_UNDECLARED_SELECTOR = YES;
				GCC_WARN_UNINITIALIZED_AUTOS = YES_AGGRESSIVE;
				GCC_WARN_UNUSED_FUNCTION = YES;
				GCC_WARN_UNUSED_VARIABLE = YES;
				LOCALIZATION_PREFERS_STRING_CATALOGS = YES;
				MACOSX_DEPLOYMENT_TARGET = 15.4;
				MTL_ENABLE_DEBUG_INFO = NO;
				MTL_FAST_MATH = YES;
				SDKROOT = macosx;
				SWIFT_COMPILATION_MODE = wholemodule;
			};
			name = Release;
		};
		C0FE19942DF7DDC100D945C5 /* Debug */ = {
			isa = XCBuildConfiguration;
			buildSettings = {
				CODE_SIGN_STYLE = Automatic;
				PRODUCT_NAME = "$(TARGET_NAME)";
				SWIFT_VERSION = 5.0;
			};
			name = Debug;
		};
		C0FE19952DF7DDC100D945C5 /* Release */ = {
			isa = XCBuildConfiguration;
			buildSettings = {
				CODE_SIGN_STYLE = Automatic;
				PRODUCT_NAME = "$(TARGET_NAME)";
				SWIFT_VERSION = 5.0;
			};
			name = Release;
		};
/* End XCBuildConfiguration section */

/* Begin XCConfigurationList section */
		C0FE19872DF7DDC100D945C5 /* Build configuration list for PBXProject "CommendLine-Swift" */ = {
			isa = XCConfigurationList;
			buildConfigurations = (
				C0FE19912DF7DDC100D945C5 /* Debug */,
				C0FE19922DF7DDC100D945C5 /* Release */,
			);
			defaultConfigurationIsVisible = 0;
			defaultConfigurationName = Release;
		};
		C0FE19932DF7DDC100D945C5 /* Build configuration list for PBXNativeTarget "CommendLine-Swift" */ = {
			isa = XCConfigurationList;
			buildConfigurations = (
				C0FE19942DF7DDC100D945C5 /* Debug */,
				C0FE19952DF7DDC100D945C5 /* Release */,
			);
			defaultConfigurationIsVisible = 0;
			defaultConfigurationName = Release;
		};
/* End XCConfigurationList section */
	};
	rootObject = C0FE19842DF7DDC100D945C5 /* Project object */;
}
